
Microsoft Visual Studio Solution File, Format Version 11.00
# Visual Studio 2010
Project("{FAE04EC0-301F-11D3-BF4B-00C04F79EFBC}") = "Assembly-CSharp-firstpass", "Assembly-CSharp-firstpass.csproj", "{9F0690C9-D525-8396-E652-831BACBF1BE0}"
EndProject
Project("{FAE04EC0-301F-11D3-BF4B-00C04F79EFBC}") = "Assembly-CSharp", "Assembly-CSharp.csproj", "{BD01C60C-5148-E3D5-D343-4BAFE0D62002}"
EndProject
Project("{FAE04EC0-301F-11D3-BF4B-00C04F79EFBC}") = "Assembly-CSharp-Editor-firstpass", "Assembly-CSharp-Editor-firstpass.csproj", "{FE524B99-68A8-707B-A270-FB3EBB0B629B}"
EndProject
Global
	GlobalSection(SolutionConfigurationPlatforms) = preSolution
		Debug|Any CPU = Debug|Any CPU
		Release|Any CPU = Release|Any CPU
	EndGlobalSection
	GlobalSection(ProjectConfigurationPlatforms) = postSolution
		{9F0690C9-D525-8396-E652-831BACBF1BE0}.Debug|Any CPU.ActiveCfg = Debug|Any CPU
		{9F0690C9-D525-8396-E652-831BACBF1BE0}.Debug|Any CPU.Build.0 = Debug|Any CPU
		{9F0690C9-D525-8396-E652-831BACBF1BE0}.Release|Any CPU.ActiveCfg = Release|Any CPU
		{9F0690C9-D525-8396-E652-831BACBF1BE0}.Release|Any CPU.Build.0 = Release|Any CPU
		{BD01C60C-5148-E3D5-D343-4BAFE0D62002}.Debug|Any CPU.ActiveCfg = Debug|Any CPU
		{BD01C60C-5148-E3D5-D343-4BAFE0D62002}.Debug|Any CPU.Build.0 = Debug|Any CPU
		{BD01C60C-5148-E3D5-D343-4BAFE0D62002}.Release|Any CPU.ActiveCfg = Release|Any CPU
		{BD01C60C-5148-E3D5-D343-4BAFE0D62002}.Release|Any CPU.Build.0 = Release|Any CPU
		{FE524B99-68A8-707B-A270-FB3EBB0B629B}.Debug|Any CPU.ActiveCfg = Debug|Any CPU
		{FE524B99-68A8-707B-A270-FB3EBB0B629B}.Debug|Any CPU.Build.0 = Debug|Any CPU
		{FE524B99-68A8-707B-A270-FB3EBB0B629B}.Release|Any CPU.ActiveCfg = Release|Any CPU
		{FE524B99-68A8-707B-A270-FB3EBB0B629B}.Release|Any CPU.Build.0 = Release|Any CPU
	EndGlobalSection
	GlobalSection(SolutionProperties) = preSolution
		HideSolutionNode = FALSE
	EndGlobalSection
	GlobalSection(MonoDevelopProperties) = preSolution
		StartupItem = Assembly-CSharp.csproj
	EndGlobalSection
EndGlobal
